
Microsoft Visual Studio Solution File, Format Version 12.00
# Visual Studio Version 16
VisualStudioVersion = 16.0.31205.134
MinimumVisualStudioVersion = 10.0.40219.1
Project("{FAE04EC0-301F-11D3-BF4B-00C04F79EFBC}") = "1-primeiroprojeto", "1-primeiroprojeto\1-primeiroprojeto.csproj", "{DC2E3895-2BE7-42E6-98D4-206B96D66AD0}"
EndProject
Global
	GlobalSection(SolutionConfigurationPlatforms) = preSolution
		Debug|Any CPU = Debug|Any CPU
		Release|Any CPU = Release|Any CPU
	EndGlobalSection
	GlobalSection(ProjectConfigurationPlatforms) = postSolution
		{DC2E3895-2BE7-42E6-98D4-206B96D66AD0}.Debug|Any CPU.ActiveCfg = Debug|Any CPU
		{DC2E3895-2BE7-42E6-98D4-206B96D66AD0}.Debug|Any CPU.Build.0 = Debug|Any CPU
		{DC2E3895-2BE7-42E6-98D4-206B96D66AD0}.Release|Any CPU.ActiveCfg = Release|Any CPU
		{DC2E3895-2BE7-42E6-98D4-206B96D66AD0}.Release|Any CPU.Build.0 = Release|Any CPU
	EndGlobalSection
	GlobalSection(SolutionProperties) = preSolution
		HideSolutionNode = FALSE
	EndGlobalSection
	GlobalSection(ExtensibilityGlobals) = postSolution
		SolutionGuid = {EA615B1D-A4D2-4EDB-8AC5-01087B2F2DCA}
	EndGlobalSection
EndGlobal
