
Microsoft Visual Studio Solution File, Format Version 12.00
# Visual Studio Version 16
VisualStudioVersion = 16.0.31205.134
MinimumVisualStudioVersion = 10.0.40219.1
Project("{FAE04EC0-301F-11D3-BF4B-00C04F79EFBC}") = "6- calculaPoupanca", "6- calculaPoupanca\6- calculaPoupanca.csproj", "{154109CD-695F-4E45-A0E8-ED46B1E10151}"
EndProject
Global
	GlobalSection(SolutionConfigurationPlatforms) = preSolution
		Debug|Any CPU = Debug|Any CPU
		Release|Any CPU = Release|Any CPU
	EndGlobalSection
	GlobalSection(ProjectConfigurationPlatforms) = postSolution
		{154109CD-695F-4E45-A0E8-ED46B1E10151}.Debug|Any CPU.ActiveCfg = Debug|Any CPU
		{154109CD-695F-4E45-A0E8-ED46B1E10151}.Debug|Any CPU.Build.0 = Debug|Any CPU
		{154109CD-695F-4E45-A0E8-ED46B1E10151}.Release|Any CPU.ActiveCfg = Release|Any CPU
		{154109CD-695F-4E45-A0E8-ED46B1E10151}.Release|Any CPU.Build.0 = Release|Any CPU
	EndGlobalSection
	GlobalSection(SolutionProperties) = preSolution
		HideSolutionNode = FALSE
	EndGlobalSection
	GlobalSection(ExtensibilityGlobals) = postSolution
		SolutionGuid = {88B48E14-A8B6-4AE5-BFD6-7865B43CB7C8}
	EndGlobalSection
EndGlobal
