
Microsoft Visual Studio Solution File, Format Version 12.00
# Visual Studio Version 16
VisualStudioVersion = 16.0.31205.134
MinimumVisualStudioVersion = 10.0.40219.1
Project("{FAE04EC0-301F-11D3-BF4B-00C04F79EFBC}") = "5- CaracteresETextos", "5- CaracteresETextos\5- CaracteresETextos.csproj", "{DD79A438-62CE-4077-9C52-B6A6041258E7}"
EndProject
Global
	GlobalSection(SolutionConfigurationPlatforms) = preSolution
		Debug|Any CPU = Debug|Any CPU
		Release|Any CPU = Release|Any CPU
	EndGlobalSection
	GlobalSection(ProjectConfigurationPlatforms) = postSolution
		{DD79A438-62CE-4077-9C52-B6A6041258E7}.Debug|Any CPU.ActiveCfg = Debug|Any CPU
		{DD79A438-62CE-4077-9C52-B6A6041258E7}.Debug|Any CPU.Build.0 = Debug|Any CPU
		{DD79A438-62CE-4077-9C52-B6A6041258E7}.Release|Any CPU.ActiveCfg = Release|Any CPU
		{DD79A438-62CE-4077-9C52-B6A6041258E7}.Release|Any CPU.Build.0 = Release|Any CPU
	EndGlobalSection
	GlobalSection(SolutionProperties) = preSolution
		HideSolutionNode = FALSE
	EndGlobalSection
	GlobalSection(ExtensibilityGlobals) = postSolution
		SolutionGuid = {E9B2BC41-8B3B-49AC-AF7C-BE7A0ED6418E}
	EndGlobalSection
EndGlobal
